
Microsoft Visual Studio Solution File, Format Version 12.00
# Visual Studio Version 16
VisualStudioVersion = 16.0.28803.352
MinimumVisualStudioVersion = 10.0.40219.1
Project("{FAE04EC0-301F-11D3-BF4B-00C04F79EFBC}") = "ZuounMenu", "ZuounMenu\ZuounMenu.csproj", "{9298A56E-313E-42DD-9B85-C1A5B186EB12}"
EndProject
Project("{FAE04EC0-301F-11D3-BF4B-00C04F79EFBC}") = "Database", "Database\Database.csproj", "{510DE9F7-E2E5-49E0-A4F5-08EC322AF49E}"
EndProject
Global
	GlobalSection(SolutionConfigurationPlatforms) = preSolution
		Debug|Any CPU = Debug|Any CPU
		Release|Any CPU = Release|Any CPU
	EndGlobalSection
	GlobalSection(ProjectConfigurationPlatforms) = postSolution
		{9298A56E-313E-42DD-9B85-C1A5B186EB12}.Debug|Any CPU.ActiveCfg = Debug|Any CPU
		{9298A56E-313E-42DD-9B85-C1A5B186EB12}.Debug|Any CPU.Build.0 = Debug|Any CPU
		{9298A56E-313E-42DD-9B85-C1A5B186EB12}.Release|Any CPU.ActiveCfg = Release|Any CPU
		{9298A56E-313E-42DD-9B85-C1A5B186EB12}.Release|Any CPU.Build.0 = Release|Any CPU
		{510DE9F7-E2E5-49E0-A4F5-08EC322AF49E}.Debug|Any CPU.ActiveCfg = Debug|Any CPU
		{510DE9F7-E2E5-49E0-A4F5-08EC322AF49E}.Debug|Any CPU.Build.0 = Debug|Any CPU
		{510DE9F7-E2E5-49E0-A4F5-08EC322AF49E}.Release|Any CPU.ActiveCfg = Release|Any CPU
		{510DE9F7-E2E5-49E0-A4F5-08EC322AF49E}.Release|Any CPU.Build.0 = Release|Any CPU
	EndGlobalSection
	GlobalSection(SolutionProperties) = preSolution
		HideSolutionNode = FALSE
	EndGlobalSection
	GlobalSection(ExtensibilityGlobals) = postSolution
		SolutionGuid = {A4AD4F22-93B0-420C-8E92-5BB234908723}
	EndGlobalSection
EndGlobal
